// !$*UTF8*$!
{
	archiveVersion = 1;
	classes = {
	};
	objectVersion = 56;
	objects = {

/* Begin PBXBuildFile section */
		AC3F24572B419B5300C0346F /* ChatHistoryView.swift in Sources */ = {isa = PBXBuildFile; fileRef = AC3F24562B419B5200C0346F /* ChatHistoryView.swift */; };
		AC3F245B2B46F5BF00C0346F /* PrivateView.swift in Sources */ = {isa = PBXBuildFile; fileRef = AC3F245A2B46F5BF00C0346F /* PrivateView.swift */; };
		AC3F245D2B484F5300C0346F /* MessageField.swift in Sources */ = {isa = PBXBuildFile; fileRef = AC3F245C2B484F5300C0346F /* MessageField.swift */; };
		ACE0709B2B2EC250002E0768 /* BaseApp.swift in Sources */ = {isa = PBXBuildFile; fileRef = ACE0709A2B2EC250002E0768 /* BaseApp.swift */; };
		ACE0709D2B2EC251002E0768 /* MessagesView.swift in Sources */ = {isa = PBXBuildFile; fileRef = ACE0709C2B2EC251002E0768 /* MessagesView.swift */; };
		ACE0709F2B2EC252002E0768 /* Assets.xcassets in Resources */ = {isa = PBXBuildFile; fileRef = ACE0709E2B2EC252002E0768 /* Assets.xcassets */; };
		ACE070A22B2EC252002E0768 /* Preview Assets.xcassets in Resources */ = {isa = PBXBuildFile; fileRef = ACE070A12B2EC252002E0768 /* Preview Assets.xcassets */; };
		ACE070A92B2EC273002E0768 /* HomeView.swift in Sources */ = {isa = PBXBuildFile; fileRef = ACE070A82B2EC273002E0768 /* HomeView.swift */; };
		ACE070AE2B2FBCE7002E0768 /* ConversationTile.swift in Sources */ = {isa = PBXBuildFile; fileRef = ACE070AD2B2FBCE7002E0768 /* ConversationTile.swift */; };
		ACE070B02B2FC685002E0768 /* Square.swift in Sources */ = {isa = PBXBuildFile; fileRef = ACE070AF2B2FC685002E0768 /* Square.swift */; };
		ACE070B22B30840A002E0768 /* MessageBubble.swift in Sources */ = {isa = PBXBuildFile; fileRef = ACE070B12B30840A002E0768 /* MessageBubble.swift */; };
		ACE070B42B31223B002E0768 /* ModelListView.swift in Sources */ = {isa = PBXBuildFile; fileRef = ACE070B32B31223B002E0768 /* ModelListView.swift */; };
		ACE070B62B32AA62002E0768 /* ModelInformationView.swift in Sources */ = {isa = PBXBuildFile; fileRef = ACE070B52B32AA62002E0768 /* ModelInformationView.swift */; };
		ACE070B92B34A995002E0768 /* OpenAIService.swift in Sources */ = {isa = PBXBuildFile; fileRef = ACE070B82B34A995002E0768 /* OpenAIService.swift */; };
		ACE070BC2B34AA73002E0768 /* Alamofire in Frameworks */ = {isa = PBXBuildFile; productRef = ACE070BB2B34AA73002E0768 /* Alamofire */; };
		ACE070BE2B34AF71002E0768 /* Constants.swift in Sources */ = {isa = PBXBuildFile; fileRef = ACE070BD2B34AF71002E0768 /* Constants.swift */; };
		ACE070C12B34EC07002E0768 /* ConversationScreen.swift in Sources */ = {isa = PBXBuildFile; fileRef = ACE070C02B34EC07002E0768 /* ConversationScreen.swift */; };
		ACE070C52B355553002E0768 /* GenerativeAI-Info.plist in Resources */ = {isa = PBXBuildFile; fileRef = ACE070C42B355553002E0768 /* GenerativeAI-Info.plist */; };
		ACE070C72B35B909002E0768 /* ConversationViewModel.swift in Sources */ = {isa = PBXBuildFile; fileRef = ACE070C62B35B909002E0768 /* ConversationViewModel.swift */; };
		ACE070CA2B35B94F002E0768 /* GoogleGenerativeAI in Frameworks */ = {isa = PBXBuildFile; productRef = ACE070C92B35B94F002E0768 /* GoogleGenerativeAI */; };
		ACE070CD2B35CA41002E0768 /* MsgView.swift in Sources */ = {isa = PBXBuildFile; fileRef = ACE070CC2B35CA41002E0768 /* MsgView.swift */; };
		ACE070D02B35CA66002E0768 /* MarkdownUI in Frameworks */ = {isa = PBXBuildFile; productRef = ACE070CF2B35CA66002E0768 /* MarkdownUI */; };
		ACE070D22B35CA99002E0768 /* ErrorView.swift in Sources */ = {isa = PBXBuildFile; fileRef = ACE070D12B35CA99002E0768 /* ErrorView.swift */; };
		ACE070D42B35CAAC002E0768 /* ErrorDetailView.swift in Sources */ = {isa = PBXBuildFile; fileRef = ACE070D32B35CAAC002E0768 /* ErrorDetailView.swift */; };
		ACE070D62B35CABA002E0768 /* BouncingDots.swift in Sources */ = {isa = PBXBuildFile; fileRef = ACE070D52B35CABA002E0768 /* BouncingDots.swift */; };
/* End PBXBuildFile section */

/* Begin PBXFileReference section */
		AC3F24562B419B5200C0346F /* ChatHistoryView.swift */ = {isa = PBXFileReference; lastKnownFileType = sourcecode.swift; path = ChatHistoryView.swift; sourceTree = "<group>"; };
		AC3F245A2B46F5BF00C0346F /* PrivateView.swift */ = {isa = PBXFileReference; lastKnownFileType = sourcecode.swift; path = PrivateView.swift; sourceTree = "<group>"; };
		AC3F245C2B484F5300C0346F /* MessageField.swift */ = {isa = PBXFileReference; lastKnownFileType = sourcecode.swift; path = MessageField.swift; sourceTree = "<group>"; };
		ACE070972B2EC250002E0768 /* Base.app */ = {isa = PBXFileReference; explicitFileType = wrapper.application; includeInIndex = 0; path = Base.app; sourceTree = BUILT_PRODUCTS_DIR; };
		ACE0709A2B2EC250002E0768 /* BaseApp.swift */ = {isa = PBXFileReference; lastKnownFileType = sourcecode.swift; path = BaseApp.swift; sourceTree = "<group>"; };
		ACE0709C2B2EC251002E0768 /* MessagesView.swift */ = {isa = PBXFileReference; lastKnownFileType = sourcecode.swift; path = MessagesView.swift; sourceTree = "<group>"; };
		ACE0709E2B2EC252002E0768 /* Assets.xcassets */ = {isa = PBXFileReference; lastKnownFileType = folder.assetcatalog; path = Assets.xcassets; sourceTree = "<group>"; };
		ACE070A12B2EC252002E0768 /* Preview Assets.xcassets */ = {isa = PBXFileReference; lastKnownFileType = folder.assetcatalog; path = "Preview Assets.xcassets"; sourceTree = "<group>"; };
		ACE070A82B2EC273002E0768 /* HomeView.swift */ = {isa = PBXFileReference; lastKnownFileType = sourcecode.swift; path = HomeView.swift; sourceTree = "<group>"; };
		ACE070AD2B2FBCE7002E0768 /* ConversationTile.swift */ = {isa = PBXFileReference; lastKnownFileType = sourcecode.swift; path = ConversationTile.swift; sourceTree = "<group>"; };
		ACE070AF2B2FC685002E0768 /* Square.swift */ = {isa = PBXFileReference; lastKnownFileType = sourcecode.swift; path = Square.swift; sourceTree = "<group>"; };
		ACE070B12B30840A002E0768 /* MessageBubble.swift */ = {isa = PBXFileReference; lastKnownFileType = sourcecode.swift; path = MessageBubble.swift; sourceTree = "<group>"; };
		ACE070B32B31223B002E0768 /* ModelListView.swift */ = {isa = PBXFileReference; lastKnownFileType = sourcecode.swift; path = ModelListView.swift; sourceTree = "<group>"; };
		ACE070B52B32AA62002E0768 /* ModelInformationView.swift */ = {isa = PBXFileReference; lastKnownFileType = sourcecode.swift; path = ModelInformationView.swift; sourceTree = "<group>"; };
		ACE070B82B34A995002E0768 /* OpenAIService.swift */ = {isa = PBXFileReference; lastKnownFileType = sourcecode.swift; path = OpenAIService.swift; sourceTree = "<group>"; };
		ACE070BD2B34AF71002E0768 /* Constants.swift */ = {isa = PBXFileReference; lastKnownFileType = sourcecode.swift; path = Constants.swift; sourceTree = "<group>"; };
		ACE070C02B34EC07002E0768 /* ConversationScreen.swift */ = {isa = PBXFileReference; lastKnownFileType = sourcecode.swift; path = ConversationScreen.swift; sourceTree = "<group>"; };
		ACE070C42B355553002E0768 /* GenerativeAI-Info.plist */ = {isa = PBXFileReference; fileEncoding = 4; lastKnownFileType = text.plist.xml; path = "GenerativeAI-Info.plist"; sourceTree = "<group>"; };
		ACE070C62B35B909002E0768 /* ConversationViewModel.swift */ = {isa = PBXFileReference; lastKnownFileType = sourcecode.swift; path = ConversationViewModel.swift; sourceTree = "<group>"; };
		ACE070CC2B35CA41002E0768 /* MsgView.swift */ = {isa = PBXFileReference; lastKnownFileType = sourcecode.swift; path = MsgView.swift; sourceTree = "<group>"; };
		ACE070D12B35CA99002E0768 /* ErrorView.swift */ = {isa = PBXFileReference; lastKnownFileType = sourcecode.swift; path = ErrorView.swift; sourceTree = "<group>"; };
		ACE070D32B35CAAC002E0768 /* ErrorDetailView.swift */ = {isa = PBXFileReference; lastKnownFileType = sourcecode.swift; path = ErrorDetailView.swift; sourceTree = "<group>"; };
		ACE070D52B35CABA002E0768 /* BouncingDots.swift */ = {isa = PBXFileReference; lastKnownFileType = sourcecode.swift; path = BouncingDots.swift; sourceTree = "<group>"; };
/* End PBXFileReference section */

/* Begin PBXFrameworksBuildPhase section */
		ACE070942B2EC250002E0768 /* Frameworks */ = {
			isa = PBXFrameworksBuildPhase;
			buildActionMask = 2147483647;
			files = (
				ACE070D02B35CA66002E0768 /* MarkdownUI in Frameworks */,
				ACE070BC2B34AA73002E0768 /* Alamofire in Frameworks */,
				ACE070CA2B35B94F002E0768 /* GoogleGenerativeAI in Frameworks */,
			);
			runOnlyForDeploymentPostprocessing = 0;
		};
/* End PBXFrameworksBuildPhase section */

/* Begin PBXGroup section */
		ACE0708E2B2EC250002E0768 = {
			isa = PBXGroup;
			children = (
				ACE070992B2EC250002E0768 /* Base */,
				ACE070982B2EC250002E0768 /* Products */,
			);
			sourceTree = "<group>";
		};
		ACE070982B2EC250002E0768 /* Products */ = {
			isa = PBXGroup;
			children = (
				ACE070972B2EC250002E0768 /* Base.app */,
			);
			name = Products;
			sourceTree = "<group>";
		};
		ACE070992B2EC250002E0768 /* Base */ = {
			isa = PBXGroup;
			children = (
				ACE0709A2B2EC250002E0768 /* BaseApp.swift */,
				ACE070CB2B35CA31002E0768 /* TempGoogle */,
				ACE070BF2B34EBEB002E0768 /* SubViews */,
				ACE070B72B34A984002E0768 /* Models */,
				ACE070AC2B2FBCCA002E0768 /* ComponentViews */,
				ACE070AA2B2FBCAD002E0768 /* MainViews */,
				ACE0709E2B2EC252002E0768 /* Assets.xcassets */,
				ACE070A02B2EC252002E0768 /* Preview Content */,
			);
			path = Base;
			sourceTree = "<group>";
		};
		ACE070A02B2EC252002E0768 /* Preview Content */ = {
			isa = PBXGroup;
			children = (
				ACE070A12B2EC252002E0768 /* Preview Assets.xcassets */,
			);
			path = "Preview Content";
			sourceTree = "<group>";
		};
		ACE070AA2B2FBCAD002E0768 /* MainViews */ = {
			isa = PBXGroup;
			children = (
				ACE070B52B32AA62002E0768 /* ModelInformationView.swift */,
				AC3F245A2B46F5BF00C0346F /* PrivateView.swift */,
				ACE070A82B2EC273002E0768 /* HomeView.swift */,
				ACE070C02B34EC07002E0768 /* ConversationScreen.swift */,
				AC3F24562B419B5200C0346F /* ChatHistoryView.swift */,
			);
			path = MainViews;
			sourceTree = "<group>";
		};
		ACE070AC2B2FBCCA002E0768 /* ComponentViews */ = {
			isa = PBXGroup;
			children = (
				ACE070AD2B2FBCE7002E0768 /* ConversationTile.swift */,
				ACE070B12B30840A002E0768 /* MessageBubble.swift */,
				AC3F245C2B484F5300C0346F /* MessageField.swift */,
				ACE070AF2B2FC685002E0768 /* Square.swift */,
			);
			path = ComponentViews;
			sourceTree = "<group>";
		};
		ACE070B72B34A984002E0768 /* Models */ = {
			isa = PBXGroup;
			children = (
				ACE070B82B34A995002E0768 /* OpenAIService.swift */,
				ACE070C62B35B909002E0768 /* ConversationViewModel.swift */,
				ACE070BD2B34AF71002E0768 /* Constants.swift */,
				ACE070C42B355553002E0768 /* GenerativeAI-Info.plist */,
			);
			path = Models;
			sourceTree = "<group>";
		};
		ACE070BF2B34EBEB002E0768 /* SubViews */ = {
			isa = PBXGroup;
			children = (
				ACE070B32B31223B002E0768 /* ModelListView.swift */,
				ACE0709C2B2EC251002E0768 /* MessagesView.swift */,
			);
			path = SubViews;
			sourceTree = "<group>";
		};
		ACE070CB2B35CA31002E0768 /* TempGoogle */ = {
			isa = PBXGroup;
			children = (
				ACE070CC2B35CA41002E0768 /* MsgView.swift */,
				ACE070D12B35CA99002E0768 /* ErrorView.swift */,
				ACE070D32B35CAAC002E0768 /* ErrorDetailView.swift */,
				ACE070D52B35CABA002E0768 /* BouncingDots.swift */,
			);
			path = TempGoogle;
			sourceTree = "<group>";
		};
/* End PBXGroup section */

/* Begin PBXNativeTarget section */
		ACE070962B2EC250002E0768 /* Base */ = {
			isa = PBXNativeTarget;
			buildConfigurationList = ACE070A52B2EC252002E0768 /* Build configuration list for PBXNativeTarget "Base" */;
			buildPhases = (
				ACE070932B2EC250002E0768 /* Sources */,
				ACE070942B2EC250002E0768 /* Frameworks */,
				ACE070952B2EC250002E0768 /* Resources */,
			);
			buildRules = (
			);
			dependencies = (
			);
			name = Base;
			packageProductDependencies = (
				ACE070BB2B34AA73002E0768 /* Alamofire */,
				ACE070C92B35B94F002E0768 /* GoogleGenerativeAI */,
				ACE070CF2B35CA66002E0768 /* MarkdownUI */,
			);
			productName = Base;
			productReference = ACE070972B2EC250002E0768 /* Base.app */;
			productType = "com.apple.product-type.application";
		};
/* End PBXNativeTarget section */

/* Begin PBXProject section */
		ACE0708F2B2EC250002E0768 /* Project object */ = {
			isa = PBXProject;
			attributes = {
				BuildIndependentTargetsInParallel = 1;
				LastSwiftUpdateCheck = 1510;
				LastUpgradeCheck = 1510;
				TargetAttributes = {
					ACE070962B2EC250002E0768 = {
						CreatedOnToolsVersion = 15.1;
					};
				};
			};
			buildConfigurationList = ACE070922B2EC250002E0768 /* Build configuration list for PBXProject "Base" */;
			compatibilityVersion = "Xcode 14.0";
			developmentRegion = en;
			hasScannedForEncodings = 0;
			knownRegions = (
				en,
				Base,
			);
			mainGroup = ACE0708E2B2EC250002E0768;
			packageReferences = (
				ACE070BA2B34AA73002E0768 /* XCRemoteSwiftPackageReference "Alamofire" */,
				ACE070C82B35B94F002E0768 /* XCRemoteSwiftPackageReference "generative-ai-swift" */,
				ACE070CE2B35CA66002E0768 /* XCRemoteSwiftPackageReference "swift-markdown-ui" */,
			);
			productRefGroup = ACE070982B2EC250002E0768 /* Products */;
			projectDirPath = "";
			projectRoot = "";
			targets = (
				ACE070962B2EC250002E0768 /* Base */,
			);
		};
/* End PBXProject section */

/* Begin PBXResourcesBuildPhase section */
		ACE070952B2EC250002E0768 /* Resources */ = {
			isa = PBXResourcesBuildPhase;
			buildActionMask = 2147483647;
			files = (
				ACE070C52B355553002E0768 /* GenerativeAI-Info.plist in Resources */,
				ACE070A22B2EC252002E0768 /* Preview Assets.xcassets in Resources */,
				ACE0709F2B2EC252002E0768 /* Assets.xcassets in Resources */,
			);
			runOnlyForDeploymentPostprocessing = 0;
		};
/* End PBXResourcesBuildPhase section */

/* Begin PBXSourcesBuildPhase section */
		ACE070932B2EC250002E0768 /* Sources */ = {
			isa = PBXSourcesBuildPhase;
			buildActionMask = 2147483647;
			files = (
				ACE070B42B31223B002E0768 /* ModelListView.swift in Sources */,
				ACE070CD2B35CA41002E0768 /* MsgView.swift in Sources */,
				AC3F24572B419B5300C0346F /* ChatHistoryView.swift in Sources */,
				ACE070C72B35B909002E0768 /* ConversationViewModel.swift in Sources */,
				ACE070B02B2FC685002E0768 /* Square.swift in Sources */,
				AC3F245B2B46F5BF00C0346F /* PrivateView.swift in Sources */,
				ACE070B22B30840A002E0768 /* MessageBubble.swift in Sources */,
				ACE070AE2B2FBCE7002E0768 /* ConversationTile.swift in Sources */,
				ACE070A92B2EC273002E0768 /* HomeView.swift in Sources */,
				AC3F245D2B484F5300C0346F /* MessageField.swift in Sources */,
				ACE070BE2B34AF71002E0768 /* Constants.swift in Sources */,
				ACE0709D2B2EC251002E0768 /* MessagesView.swift in Sources */,
				ACE0709B2B2EC250002E0768 /* BaseApp.swift in Sources */,
				ACE070B62B32AA62002E0768 /* ModelInformationView.swift in Sources */,
				ACE070D22B35CA99002E0768 /* ErrorView.swift in Sources */,
				ACE070D62B35CABA002E0768 /* BouncingDots.swift in Sources */,
				ACE070C12B34EC07002E0768 /* ConversationScreen.swift in Sources */,
				ACE070D42B35CAAC002E0768 /* ErrorDetailView.swift in Sources */,
				ACE070B92B34A995002E0768 /* OpenAIService.swift in Sources */,
			);
			runOnlyForDeploymentPostprocessing = 0;
		};
/* End PBXSourcesBuildPhase section */

/* Begin XCBuildConfiguration section */
		ACE070A32B2EC252002E0768 /* Debug */ = {
			isa = XCBuildConfiguration;
			buildSettings = {
				ALWAYS_SEARCH_USER_PATHS = NO;
				ASSETCATALOG_COMPILER_GENERATE_SWIFT_ASSET_SYMBOL_EXTENSIONS = YES;
				CLANG_ANALYZER_NONNULL = YES;
				CLANG_ANALYZER_NUMBER_OBJECT_CONVERSION = YES_AGGRESSIVE;
				CLANG_CXX_LANGUAGE_STANDARD = "gnu++20";
				CLANG_ENABLE_MODULES = YES;
				CLANG_ENABLE_OBJC_ARC = YES;
				CLANG_ENABLE_OBJC_WEAK = YES;
				CLANG_WARN_BLOCK_CAPTURE_AUTORELEASING = YES;
				CLANG_WARN_BOOL_CONVERSION = YES;
				CLANG_WARN_COMMA = YES;
				CLANG_WARN_CONSTANT_CONVERSION = YES;
				CLANG_WARN_DEPRECATED_OBJC_IMPLEMENTATIONS = YES;
				CLANG_WARN_DIRECT_OBJC_ISA_USAGE = YES_ERROR;
				CLANG_WARN_DOCUMENTATION_COMMENTS = YES;
				CLANG_WARN_EMPTY_BODY = YES;
				CLANG_WARN_ENUM_CONVERSION = YES;
				CLANG_WARN_INFINITE_RECURSION = YES;
				CLANG_WARN_INT_CONVERSION = YES;
				CLANG_WARN_NON_LITERAL_NULL_CONVERSION = YES;
				CLANG_WARN_OBJC_IMPLICIT_RETAIN_SELF = YES;
				CLANG_WARN_OBJC_LITERAL_CONVERSION = YES;
				CLANG_WARN_OBJC_ROOT_CLASS = YES_ERROR;
				CLANG_WARN_QUOTED_INCLUDE_IN_FRAMEWORK_HEADER = YES;
				CLANG_WARN_RANGE_LOOP_ANALYSIS = YES;
				CLANG_WARN_STRICT_PROTOTYPES = YES;
				CLANG_WARN_SUSPICIOUS_MOVE = YES;
				CLANG_WARN_UNGUARDED_AVAILABILITY = YES_AGGRESSIVE;
				CLANG_WARN_UNREACHABLE_CODE = YES;
				CLANG_WARN__DUPLICATE_METHOD_MATCH = YES;
				COPY_PHASE_STRIP = NO;
				DEBUG_INFORMATION_FORMAT = dwarf;
				ENABLE_STRICT_OBJC_MSGSEND = YES;
				ENABLE_TESTABILITY = YES;
				ENABLE_USER_SCRIPT_SANDBOXING = YES;
				GCC_C_LANGUAGE_STANDARD = gnu17;
				GCC_DYNAMIC_NO_PIC = NO;
				GCC_NO_COMMON_BLOCKS = YES;
				GCC_OPTIMIZATION_LEVEL = 0;
				GCC_PREPROCESSOR_DEFINITIONS = (
					"DEBUG=1",
					"$(inherited)",
				);
				GCC_WARN_64_TO_32_BIT_CONVERSION = YES;
				GCC_WARN_ABOUT_RETURN_TYPE = YES_ERROR;
				GCC_WARN_UNDECLARED_SELECTOR = YES;
				GCC_WARN_UNINITIALIZED_AUTOS = YES_AGGRESSIVE;
				GCC_WARN_UNUSED_FUNCTION = YES;
				GCC_WARN_UNUSED_VARIABLE = YES;
				IPHONEOS_DEPLOYMENT_TARGET = 17.2;
				LOCALIZATION_PREFERS_STRING_CATALOGS = YES;
				MTL_ENABLE_DEBUG_INFO = INCLUDE_SOURCE;
				MTL_FAST_MATH = YES;
				ONLY_ACTIVE_ARCH = YES;
				SDKROOT = iphoneos;
				SWIFT_ACTIVE_COMPILATION_CONDITIONS = "DEBUG $(inherited)";
				SWIFT_OPTIMIZATION_LEVEL = "-Onone";
			};
			name = Debug;
		};
		ACE070A42B2EC252002E0768 /* Release */ = {
			isa = XCBuildConfiguration;
			buildSettings = {
				ALWAYS_SEARCH_USER_PATHS = NO;
				ASSETCATALOG_COMPILER_GENERATE_SWIFT_ASSET_SYMBOL_EXTENSIONS = YES;
				CLANG_ANALYZER_NONNULL = YES;
				CLANG_ANALYZER_NUMBER_OBJECT_CONVERSION = YES_AGGRESSIVE;
				CLANG_CXX_LANGUAGE_STANDARD = "gnu++20";
				CLANG_ENABLE_MODULES = YES;
				CLANG_ENABLE_OBJC_ARC = YES;
				CLANG_ENABLE_OBJC_WEAK = YES;
				CLANG_WARN_BLOCK_CAPTURE_AUTORELEASING = YES;
				CLANG_WARN_BOOL_CONVERSION = YES;
				CLANG_WARN_COMMA = YES;
				CLANG_WARN_CONSTANT_CONVERSION = YES;
				CLANG_WARN_DEPRECATED_OBJC_IMPLEMENTATIONS = YES;
				CLANG_WARN_DIRECT_OBJC_ISA_USAGE = YES_ERROR;
				CLANG_WARN_DOCUMENTATION_COMMENTS = YES;
				CLANG_WARN_EMPTY_BODY = YES;
				CLANG_WARN_ENUM_CONVERSION = YES;
				CLANG_WARN_INFINITE_RECURSION = YES;
				CLANG_WARN_INT_CONVERSION = YES;
				CLANG_WARN_NON_LITERAL_NULL_CONVERSION = YES;
				CLANG_WARN_OBJC_IMPLICIT_RETAIN_SELF = YES;
				CLANG_WARN_OBJC_LITERAL_CONVERSION = YES;
				CLANG_WARN_OBJC_ROOT_CLASS = YES_ERROR;
				CLANG_WARN_QUOTED_INCLUDE_IN_FRAMEWORK_HEADER = YES;
				CLANG_WARN_RANGE_LOOP_ANALYSIS = YES;
				CLANG_WARN_STRICT_PROTOTYPES = YES;
				CLANG_WARN_SUSPICIOUS_MOVE = YES;
				CLANG_WARN_UNGUARDED_AVAILABILITY = YES_AGGRESSIVE;
				CLANG_WARN_UNREACHABLE_CODE = YES;
				CLANG_WARN__DUPLICATE_METHOD_MATCH = YES;
				COPY_PHASE_STRIP = NO;
				DEBUG_INFORMATION_FORMAT = "dwarf-with-dsym";
				ENABLE_NS_ASSERTIONS = NO;
				ENABLE_STRICT_OBJC_MSGSEND = YES;
				ENABLE_USER_SCRIPT_SANDBOXING = YES;
				GCC_C_LANGUAGE_STANDARD = gnu17;
				GCC_NO_COMMON_BLOCKS = YES;
				GCC_WARN_64_TO_32_BIT_CONVERSION = YES;
				GCC_WARN_ABOUT_RETURN_TYPE = YES_ERROR;
				GCC_WARN_UNDECLARED_SELECTOR = YES;
				GCC_WARN_UNINITIALIZED_AUTOS = YES_AGGRESSIVE;
				GCC_WARN_UNUSED_FUNCTION = YES;
				GCC_WARN_UNUSED_VARIABLE = YES;
				IPHONEOS_DEPLOYMENT_TARGET = 17.2;
				LOCALIZATION_PREFERS_STRING_CATALOGS = YES;
				MTL_ENABLE_DEBUG_INFO = NO;
				MTL_FAST_MATH = YES;
				SDKROOT = iphoneos;
				SWIFT_COMPILATION_MODE = wholemodule;
				VALIDATE_PRODUCT = YES;
			};
			name = Release;
		};
		ACE070A62B2EC252002E0768 /* Debug */ = {
			isa = XCBuildConfiguration;
			buildSettings = {
				ASSETCATALOG_COMPILER_APPICON_NAME = AppIcon;
				ASSETCATALOG_COMPILER_GLOBAL_ACCENT_COLOR_NAME = AccentColor;
				CODE_SIGN_STYLE = Automatic;
				CURRENT_PROJECT_VERSION = 1;
				DEVELOPMENT_ASSET_PATHS = "\"Base/Preview Content\"";
				DEVELOPMENT_TEAM = 8VNWQXUY4G;
				ENABLE_PREVIEWS = YES;
				GENERATE_INFOPLIST_FILE = YES;
				INFOPLIST_KEY_UIApplicationSceneManifest_Generation = YES;
				INFOPLIST_KEY_UIApplicationSupportsIndirectInputEvents = YES;
				INFOPLIST_KEY_UILaunchScreen_Generation = YES;
				INFOPLIST_KEY_UISupportedInterfaceOrientations_iPad = "UIInterfaceOrientationPortrait UIInterfaceOrientationPortraitUpsideDown UIInterfaceOrientationLandscapeLeft UIInterfaceOrientationLandscapeRight";
				INFOPLIST_KEY_UISupportedInterfaceOrientations_iPhone = "UIInterfaceOrientationPortrait UIInterfaceOrientationLandscapeLeft UIInterfaceOrientationLandscapeRight";
				LD_RUNPATH_SEARCH_PATHS = (
					"$(inherited)",
					"@executable_path/Frameworks",
				);
				MARKETING_VERSION = 1.0;
				PRODUCT_BUNDLE_IDENTIFIER = aadishivmalhotra.Base;
				PRODUCT_NAME = "$(TARGET_NAME)";
				SWIFT_EMIT_LOC_STRINGS = YES;
				SWIFT_VERSION = 5.0;
				TARGETED_DEVICE_FAMILY = "1,2";
			};
			name = Debug;
		};
		ACE070A72B2EC252002E0768 /* Release */ = {
			isa = XCBuildConfiguration;
			buildSettings = {
				ASSETCATALOG_COMPILER_APPICON_NAME = AppIcon;
				ASSETCATALOG_COMPILER_GLOBAL_ACCENT_COLOR_NAME = AccentColor;
				CODE_SIGN_STYLE = Automatic;
				CURRENT_PROJECT_VERSION = 1;
				DEVELOPMENT_ASSET_PATHS = "\"Base/Preview Content\"";
				DEVELOPMENT_TEAM = 8VNWQXUY4G;
				ENABLE_PREVIEWS = YES;
				GENERATE_INFOPLIST_FILE = YES;
				INFOPLIST_KEY_UIApplicationSceneManifest_Generation = YES;
				INFOPLIST_KEY_UIApplicationSupportsIndirectInputEvents = YES;
				INFOPLIST_KEY_UILaunchScreen_Generation = YES;
				INFOPLIST_KEY_UISupportedInterfaceOrientations_iPad = "UIInterfaceOrientationPortrait UIInterfaceOrientationPortraitUpsideDown UIInterfaceOrientationLandscapeLeft UIInterfaceOrientationLandscapeRight";
				INFOPLIST_KEY_UISupportedInterfaceOrientations_iPhone = "UIInterfaceOrientationPortrait UIInterfaceOrientationLandscapeLeft UIInterfaceOrientationLandscapeRight";
				LD_RUNPATH_SEARCH_PATHS = (
					"$(inherited)",
					"@executable_path/Frameworks",
				);
				MARKETING_VERSION = 1.0;
				PRODUCT_BUNDLE_IDENTIFIER = aadishivmalhotra.Base;
				PRODUCT_NAME = "$(TARGET_NAME)";
				SWIFT_EMIT_LOC_STRINGS = YES;
				SWIFT_VERSION = 5.0;
				TARGETED_DEVICE_FAMILY = "1,2";
			};
			name = Release;
		};
/* End XCBuildConfiguration section */

/* Begin XCConfigurationList section */
		ACE070922B2EC250002E0768 /* Build configuration list for PBXProject "Base" */ = {
			isa = XCConfigurationList;
			buildConfigurations = (
				ACE070A32B2EC252002E0768 /* Debug */,
				ACE070A42B2EC252002E0768 /* Release */,
			);
			defaultConfigurationIsVisible = 0;
			defaultConfigurationName = Release;
		};
		ACE070A52B2EC252002E0768 /* Build configuration list for PBXNativeTarget "Base" */ = {
			isa = XCConfigurationList;
			buildConfigurations = (
				ACE070A62B2EC252002E0768 /* Debug */,
				ACE070A72B2EC252002E0768 /* Release */,
			);
			defaultConfigurationIsVisible = 0;
			defaultConfigurationName = Release;
		};
/* End XCConfigurationList section */

/* Begin XCRemoteSwiftPackageReference section */
		ACE070BA2B34AA73002E0768 /* XCRemoteSwiftPackageReference "Alamofire" */ = {
			isa = XCRemoteSwiftPackageReference;
			repositoryURL = "https://github.com/Alamofire/Alamofire.git";
			requirement = {
				kind = upToNextMajorVersion;
				minimumVersion = 5.8.1;
			};
		};
		ACE070C82B35B94F002E0768 /* XCRemoteSwiftPackageReference "generative-ai-swift" */ = {
			isa = XCRemoteSwiftPackageReference;
			repositoryURL = "https://github.com/google/generative-ai-swift";
			requirement = {
				kind = upToNextMajorVersion;
				minimumVersion = 0.4.4;
			};
		};
		ACE070CE2B35CA66002E0768 /* XCRemoteSwiftPackageReference "swift-markdown-ui" */ = {
			isa = XCRemoteSwiftPackageReference;
			repositoryURL = "https://github.com/gonzalezreal/swift-markdown-ui";
			requirement = {
				kind = upToNextMajorVersion;
				minimumVersion = 2.2.0;
			};
		};
/* End XCRemoteSwiftPackageReference section */

/* Begin XCSwiftPackageProductDependency section */
		ACE070BB2B34AA73002E0768 /* Alamofire */ = {
			isa = XCSwiftPackageProductDependency;
			package = ACE070BA2B34AA73002E0768 /* XCRemoteSwiftPackageReference "Alamofire" */;
			productName = Alamofire;
		};
		ACE070C92B35B94F002E0768 /* GoogleGenerativeAI */ = {
			isa = XCSwiftPackageProductDependency;
			package = ACE070C82B35B94F002E0768 /* XCRemoteSwiftPackageReference "generative-ai-swift" */;
			productName = GoogleGenerativeAI;
		};
		ACE070CF2B35CA66002E0768 /* MarkdownUI */ = {
			isa = XCSwiftPackageProductDependency;
			package = ACE070CE2B35CA66002E0768 /* XCRemoteSwiftPackageReference "swift-markdown-ui" */;
			productName = MarkdownUI;
		};
/* End XCSwiftPackageProductDependency section */
	};
	rootObject = ACE0708F2B2EC250002E0768 /* Project object */;
}
